PODS:
  - Alamofire (4.8.2)
  - AlamofireImage (3.5.2):
    - Alamofire (~> 4.8)
  - BigInt (3.1.0):
    - SipHash (~> 1.2)
  - BlockiesSwift (0.1.2)
  - Cartography (3.1.0)
  - Crashlytics (3.13.2):
    - Fabric (~> 1.10.2)
  - CryptoSwift (0.15.0)
  - Curry (4.0.2)
  - DateToolsSwift (4.0.0)
  - Down (0.8.5)
  - DropDown (2.3.13)
  - Fabric (1.10.2)
  - Keystore (0.1.0):
    - CryptoSwift (~> 0.8)
    - secp256k1.swift (~> 0.1)
  - lottie-ios (2.5.3)
  - MarqueeLabel (3.2.1):
    - MarqueeLabel/ObjC (= 3.2.1)
  - MarqueeLabel/ObjC (3.2.1)
  - Material (2.16.4):
    - Material/Core (= 2.16.4)
  - Material/Core (2.16.4):
    - Motion (~> 1.4.3)
  - MaterialComponents/AnimationTiming (54.13.0)
  - MaterialComponents/BottomSheet (54.13.0):
    - MaterialComponents/private/KeyboardWatcher
    - MaterialComponents/private/Math
  - MaterialComponents/Buttons (54.13.0):
    - MaterialComponents/Ink
    - MaterialComponents/private/Math
    - MaterialComponents/private/Shapes
    - MaterialComponents/ShadowElevations
    - MaterialComponents/ShadowLayer
    - MaterialComponents/Typography
    - MDFInternationalization
    - MDFTextAccessibility
  - "MaterialComponents/Buttons+Extensions (54.13.0)":
    - "MaterialComponents/Buttons+Extensions/ButtonThemer (= 54.13.0)"
    - "MaterialComponents/Buttons+Extensions/ColorThemer (= 54.13.0)"
    - "MaterialComponents/Buttons+Extensions/TitleColorAccessibilityMutator (= 54.13.0)"
    - "MaterialComponents/Buttons+Extensions/TypographyThemer (= 54.13.0)"
  - "MaterialComponents/Buttons+Extensions/ButtonThemer (54.13.0)":
    - MaterialComponents/Buttons
    - "MaterialComponents/Buttons+Extensions/ColorThemer"
    - "MaterialComponents/Buttons+Extensions/TypographyThemer"
  - "MaterialComponents/Buttons+Extensions/ColorThemer (54.13.0)":
    - MaterialComponents/Buttons
    - MaterialComponents/schemes/Color
  - "MaterialComponents/Buttons+Extensions/TitleColorAccessibilityMutator (54.13.0)":
    - MaterialComponents/Buttons
    - MDFTextAccessibility
  - "MaterialComponents/Buttons+Extensions/TypographyThemer (54.13.0)":
    - MaterialComponents/Buttons
    - MaterialComponents/schemes/Typography
  - MaterialComponents/Cards (54.13.0):
    - MaterialComponents/Ink
    - MaterialComponents/private/Icons/ic_check_circle
    - MaterialComponents/private/Math
    - MaterialComponents/private/Shapes
    - MaterialComponents/ShadowLayer
  - MaterialComponents/Dialogs (54.13.0):
    - MaterialComponents/Buttons
    - MaterialComponents/private/KeyboardWatcher
    - MaterialComponents/ShadowElevations
    - MaterialComponents/ShadowLayer
    - MaterialComponents/Typography
    - MDFInternationalization
  - MaterialComponents/Ink (54.13.0):
    - MaterialComponents/private/Math
  - "MaterialComponents/Ink+Extensions (54.13.0)":
    - "MaterialComponents/Ink+Extensions/ColorThemer (= 54.13.0)"
  - "MaterialComponents/Ink+Extensions/ColorThemer (54.13.0)":
    - MaterialComponents/Ink
    - MaterialComponents/Themes
  - MaterialComponents/OverlayWindow (54.13.0):
    - MaterialComponents/private/Application
  - MaterialComponents/Palettes (54.13.0)
  - MaterialComponents/private/Application (54.13.0)
  - MaterialComponents/private/Icons/Base (54.13.0)
  - MaterialComponents/private/Icons/ic_check_circle (54.13.0):
    - MaterialComponents/private/Icons/Base
  - MaterialComponents/private/KeyboardWatcher (54.13.0):
    - MaterialComponents/private/Application
  - MaterialComponents/private/Math (54.13.0)
  - MaterialComponents/private/Overlay (54.13.0)
  - MaterialComponents/private/Shapes (54.13.0):
    - MaterialComponents/private/Math
    - MaterialComponents/ShadowLayer
  - MaterialComponents/private/ThumbTrack (54.13.0):
    - MaterialComponents/Ink
    - MaterialComponents/private/Math
    - MaterialComponents/ShadowElevations
    - MaterialComponents/ShadowLayer
    - MaterialComponents/Typography
    - MDFInternationalization
  - MaterialComponents/schemes/Color (54.13.0)
  - MaterialComponents/schemes/Typography (54.13.0)
  - MaterialComponents/ShadowElevations (54.13.0)
  - MaterialComponents/ShadowLayer (54.13.0):
    - MaterialComponents/ShadowElevations
  - MaterialComponents/Slider (54.13.0):
    - MaterialComponents/Palettes
    - MaterialComponents/private/ThumbTrack
    - MaterialComponents/ShadowElevations
  - "MaterialComponents/Slider+Extensions (54.13.0)":
    - "MaterialComponents/Slider+Extensions/ColorThemer (= 54.13.0)"
  - "MaterialComponents/Slider+Extensions/ColorThemer (54.13.0)":
    - MaterialComponents/Palettes
    - MaterialComponents/schemes/Color
    - MaterialComponents/Slider
  - MaterialComponents/Snackbar (54.13.0):
    - MaterialComponents/AnimationTiming
    - MaterialComponents/Buttons
    - MaterialComponents/OverlayWindow
    - MaterialComponents/private/Application
    - MaterialComponents/private/KeyboardWatcher
    - MaterialComponents/private/Overlay
    - MaterialComponents/Typography
  - MaterialComponents/Themes (54.13.0):
    - MaterialComponents/schemes/Color
    - MaterialComponents/schemes/Typography
  - MaterialComponents/Typography (54.13.0):
    - MaterialComponents/private/Application
  - MDFInternationalization (2.0.0)
  - MDFTextAccessibility (2.0.0)
  - Motion (1.4.3):
    - Motion/Core (= 1.4.3)
  - Motion/Core (1.4.3)
  - Nimble (7.3.4)
  - PromiseKit (6.9.0):
    - PromiseKit/CorePromise (= 6.9.0)
    - PromiseKit/Foundation (= 6.9.0)
    - PromiseKit/UIKit (= 6.9.0)
  - PromiseKit/CorePromise (6.9.0)
  - PromiseKit/Foundation (6.9.0):
    - PromiseKit/CorePromise
  - PromiseKit/UIKit (6.9.0):
    - PromiseKit/CorePromise
  - Quick (1.3.4)
  - Realm (3.16.2):
    - Realm/Headers (= 3.16.2)
  - Realm/Headers (3.16.2)
  - RealmSwift (3.16.2):
    - Realm (= 3.16.2)
  - Runes (4.2.2)
  - secp256k1.swift (0.1.4)
  - SipHash (1.2.2)
  - TPKeyboardAvoiding (1.3.2)
  - Web3 (0.3.1):
    - Web3/Core (= 0.3.1)
    - Web3/HTTPExtension (= 0.3.1)
  - Web3/ContractABI (0.3.1):
    - Web3/Core
  - Web3/Core (0.3.1):
    - BigInt (~> 3.1)
    - CryptoSwift (~> 0.8)
    - secp256k1.swift (~> 0.1)
  - Web3/HTTPExtension (0.3.1):
    - Web3/Core
  - Web3/PromiseKit (0.3.1):
    - PromiseKit/CorePromise (~> 6.0)
    - Web3/Core

DEPENDENCIES:
  - Alamofire (~> 4.6)
  - AlamofireImage (~> 3.3)
  - BlockiesSwift (~> 0.1)
  - Cartography (~> 3.0)
  - Crashlytics
  - Curry (~> 4.0)
  - DateToolsSwift (~> 4.0)
  - Down
  - DropDown (~> 2.3)
  - Fabric
  - Keystore (~> 0.1)
  - lottie-ios (~> 2.5)
  - MarqueeLabel (~> 3.1)
  - Material (~> 2.12)
  - MaterialComponents/BottomSheet
  - "MaterialComponents/Buttons+Extensions"
  - MaterialComponents/Cards
  - MaterialComponents/Dialogs
  - "MaterialComponents/Ink+Extensions"
  - "MaterialComponents/Slider+Extensions"
  - MaterialComponents/Snackbar
  - Nimble (~> 7.0)
  - PromiseKit (~> 6.0)
  - Quick (~> 1.2)
  - RealmSwift (~> 3.0)
  - Runes (~> 4.1)
  - TPKeyboardAvoiding (~> 1.3)
  - Web3 (~> 0.3)
  - Web3/ContractABI (~> 0.3)
  - Web3/PromiseKit (~> 0.3)

SPEC REPOS:
  https://github.com/CocoaPods/Specs.git:
    - Alamofire
    - AlamofireImage
    - BigInt
    - BlockiesSwift
    - Cartography
    - Crashlytics
    - CryptoSwift
    - Curry
    - DateToolsSwift
    - Down
    - DropDown
    - Fabric
    - Keystore
    - lottie-ios
    - MarqueeLabel
    - Material
    - MaterialComponents
    - MDFInternationalization
    - MDFTextAccessibility
    - Motion
    - Nimble
    - PromiseKit
    - Quick
    - Realm
    - RealmSwift
    - Runes
    - secp256k1.swift
    - SipHash
    - TPKeyboardAvoiding
    - Web3

SPEC CHECKSUMS:
  Alamofire: ae5c501addb7afdbb13687d7f2f722c78734c2d3
  AlamofireImage: 63cfe3baf1370be6c498149687cf6db3e3b00999
  BigInt: 76b5dfdfa3e2e478d4ffdf161aeede5502e2742f
  BlockiesSwift: 22d8d56dd187e6bfd16cb8c8fbd4fd4896c3e65d
  Cartography: 1988b7578871a56c036e7af17195cb2190edf18c
  Crashlytics: 611738c7847f8291a1a51084e35987b86ba6b3ee
  CryptoSwift: 769f58a9e89f64e8796c2e59ce5f002dc81a2438
  Curry: e2388a19084bb0977d7318e39048d66550569bf0
  DateToolsSwift: 875d97ff9e3a5d54abdd67a269b3f51c757b71ab
  Down: d2554b5006cf45bdb2bc6f19d91ca4fec6a45b31
  DropDown: 8a2116376c1981888557f72ec2ffc9a5e0e456ec
  Fabric: 706c8b8098fff96c33c0db69cbf81f9c551d0d74
  Keystore: 32ce430d78978ea72fb0bc39df79a8900e1af932
  lottie-ios: a50d5c0160425cd4b01b852bb9578963e6d92d31
  MarqueeLabel: 2daf039bf916937c8a4c9adfc13577cc5e51b4ce
  Material: 4ed78690b09ffd148b5ffab6b4367fb1d8da1cd3
  MaterialComponents: 3399c262334c35e4994a7b25ad1e9a3ce48dce07
  MDFInternationalization: 010097556d6b09d2c4ea38e0820ea6d37be6a314
  MDFTextAccessibility: 85c09a1bd9c321f494348e632a25063bcda35a53
  Motion: 153ba49692997888556c7a95207278a8b1f8be95
  Nimble: 051e3d8912d40138fa5591c78594f95fb172af37
  PromiseKit: 97397236f9e9c443d5b70a941d49cad25160af7a
  Quick: f4f7f063c524394c73ed93ac70983c609805d481
  Realm: 0e73b4edeb5b6a90da3d83206883b2e34e00eb38
  RealmSwift: a81e650171ef0a5f999df1ed8d39ba8d6fce88a4
  Runes: 80a0a08e1759ead661eff6f0bcca7c3e20592151
  secp256k1.swift: a7e7a214f6db6ce5db32cc6b2b45e5c4dd633634
  SipHash: fad90a4683e420c52ef28063063dbbce248ea6d4
  TPKeyboardAvoiding: cb69d5ddbe90ce0170e4bc2db1e5e41d4a3ad9a4
  Web3: e9be7ef88585e252df50abc28538d6e4691c786e

PODFILE CHECKSUM: 47f3ba52b03891fcd2993b80caf2c4fa1c2d38fc

COCOAPODS: 1.8.4
