PODS:
  - BlockiesSwift (0.1.2)
  - Crashlytics (3.14.0):
    - Fabric (~> 1.10.2)
  - DateToolsSwift (4.0.0)
  - DropDown (2.3.13)
  - Fabric (1.10.2)
  - MaterialComponents/AnimationTiming (54.13.0)
  - MaterialComponents/BottomSheet (54.13.0):
    - MaterialComponents/private/KeyboardWatcher
    - MaterialComponents/private/Math
  - MaterialComponents/Buttons (54.13.0):
    - MaterialComponents/Ink
    - MaterialComponents/private/Math
    - MaterialComponents/private/Shapes
    - MaterialComponents/ShadowElevations
    - MaterialComponents/ShadowLayer
    - MaterialComponents/Typography
    - MDFInternationalization
    - MDFTextAccessibility
  - "MaterialComponents/Buttons+Extensions (54.13.0)":
    - "MaterialComponents/Buttons+Extensions/ButtonThemer (= 54.13.0)"
    - "MaterialComponents/Buttons+Extensions/ColorThemer (= 54.13.0)"
    - "MaterialComponents/Buttons+Extensions/TitleColorAccessibilityMutator (= 54.13.0)"
    - "MaterialComponents/Buttons+Extensions/TypographyThemer (= 54.13.0)"
  - "MaterialComponents/Buttons+Extensions/ButtonThemer (54.13.0)":
    - MaterialComponents/Buttons
    - "MaterialComponents/Buttons+Extensions/ColorThemer"
    - "MaterialComponents/Buttons+Extensions/TypographyThemer"
  - "MaterialComponents/Buttons+Extensions/ColorThemer (54.13.0)":
    - MaterialComponents/Buttons
    - MaterialComponents/schemes/Color
  - "MaterialComponents/Buttons+Extensions/TitleColorAccessibilityMutator (54.13.0)":
    - MaterialComponents/Buttons
    - MDFTextAccessibility
  - "MaterialComponents/Buttons+Extensions/TypographyThemer (54.13.0)":
    - MaterialComponents/Buttons
    - MaterialComponents/schemes/Typography
  - MaterialComponents/Cards (54.13.0):
    - MaterialComponents/Ink
    - MaterialComponents/private/Icons/ic_check_circle
    - MaterialComponents/private/Math
    - MaterialComponents/private/Shapes
    - MaterialComponents/ShadowLayer
  - MaterialComponents/Dialogs (54.13.0):
    - MaterialComponents/Buttons
    - MaterialComponents/private/KeyboardWatcher
    - MaterialComponents/ShadowElevations
    - MaterialComponents/ShadowLayer
    - MaterialComponents/Typography
    - MDFInternationalization
  - MaterialComponents/Ink (54.13.0):
    - MaterialComponents/private/Math
  - "MaterialComponents/Ink+Extensions (54.13.0)":
    - "MaterialComponents/Ink+Extensions/ColorThemer (= 54.13.0)"
  - "MaterialComponents/Ink+Extensions/ColorThemer (54.13.0)":
    - MaterialComponents/Ink
    - MaterialComponents/Themes
  - MaterialComponents/OverlayWindow (54.13.0):
    - MaterialComponents/private/Application
  - MaterialComponents/Palettes (54.13.0)
  - MaterialComponents/private/Application (54.13.0)
  - MaterialComponents/private/Icons/Base (54.13.0)
  - MaterialComponents/private/Icons/ic_check_circle (54.13.0):
    - MaterialComponents/private/Icons/Base
  - MaterialComponents/private/KeyboardWatcher (54.13.0):
    - MaterialComponents/private/Application
  - MaterialComponents/private/Math (54.13.0)
  - MaterialComponents/private/Overlay (54.13.0)
  - MaterialComponents/private/Shapes (54.13.0):
    - MaterialComponents/private/Math
    - MaterialComponents/ShadowLayer
  - MaterialComponents/private/ThumbTrack (54.13.0):
    - MaterialComponents/Ink
    - MaterialComponents/private/Math
    - MaterialComponents/ShadowElevations
    - MaterialComponents/ShadowLayer
    - MaterialComponents/Typography
    - MDFInternationalization
  - MaterialComponents/schemes/Color (54.13.0)
  - MaterialComponents/schemes/Typography (54.13.0)
  - MaterialComponents/ShadowElevations (54.13.0)
  - MaterialComponents/ShadowLayer (54.13.0):
    - MaterialComponents/ShadowElevations
  - MaterialComponents/Slider (54.13.0):
    - MaterialComponents/Palettes
    - MaterialComponents/private/ThumbTrack
    - MaterialComponents/ShadowElevations
  - "MaterialComponents/Slider+Extensions (54.13.0)":
    - "MaterialComponents/Slider+Extensions/ColorThemer (= 54.13.0)"
  - "MaterialComponents/Slider+Extensions/ColorThemer (54.13.0)":
    - MaterialComponents/Palettes
    - MaterialComponents/schemes/Color
    - MaterialComponents/Slider
  - MaterialComponents/Snackbar (54.13.0):
    - MaterialComponents/AnimationTiming
    - MaterialComponents/Buttons
    - MaterialComponents/OverlayWindow
    - MaterialComponents/private/Application
    - MaterialComponents/private/KeyboardWatcher
    - MaterialComponents/private/Overlay
    - MaterialComponents/Typography
  - MaterialComponents/Themes (54.13.0):
    - MaterialComponents/schemes/Color
    - MaterialComponents/schemes/Typography
  - MaterialComponents/Typography (54.13.0):
    - MaterialComponents/private/Application
  - MDFInternationalization (2.0.0)
  - MDFTextAccessibility (2.0.0)
  - Nimble (7.3.4)
  - Quick (1.3.4)

DEPENDENCIES:
  - BlockiesSwift (~> 0.1)
  - Crashlytics
  - DateToolsSwift (~> 4.0)
  - DropDown (~> 2.3)
  - Fabric
  - MaterialComponents/BottomSheet
  - "MaterialComponents/Buttons+Extensions"
  - MaterialComponents/Cards
  - MaterialComponents/Dialogs
  - "MaterialComponents/Ink+Extensions"
  - "MaterialComponents/Slider+Extensions"
  - MaterialComponents/Snackbar
  - Nimble (~> 7.0)
  - Quick (~> 1.2)

SPEC REPOS:
  trunk:
    - BlockiesSwift
    - Crashlytics
    - DateToolsSwift
    - DropDown
    - Fabric
    - MaterialComponents
    - MDFInternationalization
    - MDFTextAccessibility
    - Nimble
    - Quick

SPEC CHECKSUMS:
  BlockiesSwift: 22d8d56dd187e6bfd16cb8c8fbd4fd4896c3e65d
  Crashlytics: 9220f5bc89e7a618df411b4f639389dbfb0e03d2
  DateToolsSwift: 875d97ff9e3a5d54abdd67a269b3f51c757b71ab
  DropDown: 8a2116376c1981888557f72ec2ffc9a5e0e456ec
  Fabric: ea977e3cd9c20425516d3dafd3bf8c941c51223f
  MaterialComponents: 3399c262334c35e4994a7b25ad1e9a3ce48dce07
  MDFInternationalization: 010097556d6b09d2c4ea38e0820ea6d37be6a314
  MDFTextAccessibility: 85c09a1bd9c321f494348e632a25063bcda35a53
  Nimble: 051e3d8912d40138fa5591c78594f95fb172af37
  Quick: f4f7f063c524394c73ed93ac70983c609805d481

PODFILE CHECKSUM: d69f5eb5d7fa3255fdffca5da962f26edfb07fc6

COCOAPODS: 1.9.3
